
Microsoft Visual Studio Solution File, Format Version 12.00
# Visual Studio Version 17
VisualStudioVersion = 17.2.32616.157
MinimumVisualStudioVersion = 10.0.40219.1
Project("{FAE04EC0-301F-11D3-BF4B-00C04F79EFBC}") = "Aula3-katia", "Aula3-katia\Aula3-katia.csproj", "{03897152-EE9A-4E80-ADF1-B7AE2384B701}"
EndProject
Global
	GlobalSection(SolutionConfigurationPlatforms) = preSolution
		Debug|Any CPU = Debug|Any CPU
		Release|Any CPU = Release|Any CPU
	EndGlobalSection
	GlobalSection(ProjectConfigurationPlatforms) = postSolution
		{03897152-EE9A-4E80-ADF1-B7AE2384B701}.Debug|Any CPU.ActiveCfg = Debug|Any CPU
		{03897152-EE9A-4E80-ADF1-B7AE2384B701}.Debug|Any CPU.Build.0 = Debug|Any CPU
		{03897152-EE9A-4E80-ADF1-B7AE2384B701}.Release|Any CPU.ActiveCfg = Release|Any CPU
		{03897152-EE9A-4E80-ADF1-B7AE2384B701}.Release|Any CPU.Build.0 = Release|Any CPU
	EndGlobalSection
	GlobalSection(SolutionProperties) = preSolution
		HideSolutionNode = FALSE
	EndGlobalSection
	GlobalSection(ExtensibilityGlobals) = postSolution
		SolutionGuid = {857F5891-FF47-49E7-9741-EFAA0C2676AD}
	EndGlobalSection
EndGlobal
